
Microsoft Visual Studio Solution File, Format Version 12.00
# Visual Studio Version 17
VisualStudioVersion = 17.0.31903.59
MinimumVisualStudioVersion = 10.0.40219.1
Project("{2150E333-8FDC-42A3-9474-1A3956D46DE8}") = "src", "src", "{3B8F8A40-647A-4AF4-BFC3-3F568A4337A5}"
EndProject
Project("{FAE04EC0-301F-11D3-BF4B-00C04F79EFBC}") = "Vatsim.Scandinavia.FlightStrips.Host", "src\Vatsim.Scandinavia.FlightStrips.Host\Vatsim.Scandinavia.FlightStrips.Host.csproj", "{135DAF59-9198-4075-A2E6-D3101D70215D}"
EndProject
Project("{FAE04EC0-301F-11D3-BF4B-00C04F79EFBC}") = "Vatsim.Scandinavia.FlightStrips.Abstractions", "src\Vatsim.Scandinavia.FlightStrips.Abstractions\Vatsim.Scandinavia.FlightStrips.Abstractions.csproj", "{083166B2-314D-4DBB-A21E-16713660C210}"
EndProject
Project("{FAE04EC0-301F-11D3-BF4B-00C04F79EFBC}") = "Vatsim.Scandinavia.FlightStrips", "src\Vatsim.Scandinavia.FlightStrips\Vatsim.Scandinavia.FlightStrips.csproj", "{296C4A64-184D-4BFC-9F7C-435B24EB613E}"
EndProject
Project("{FAE04EC0-301F-11D3-BF4B-00C04F79EFBC}") = "Vatsim.Scandinavia.FlightStrips.Persistence.EfCore", "src\Vatsim.Scandinavia.FlightStrips.Persistence.EfCore\Vatsim.Scandinavia.FlightStrips.Persistence.EfCore.csproj", "{9A83814F-C7ED-4731-861A-75210157507E}"
EndProject
Project("{2150E333-8FDC-42A3-9474-1A3956D46DE8}") = "test", "test", "{4E6AB7BD-3452-4E20-9B20-C4E2E0B40867}"
EndProject
Project("{FAE04EC0-301F-11D3-BF4B-00C04F79EFBC}") = "Vatsim.Scandinavia.FlightStrips.UnitTests", "test\Vatsim.Scandinavia.FlightStrips.UnitTests\Vatsim.Scandinavia.FlightStrips.UnitTests.csproj", "{1F61B1BE-DFC6-4C4B-80A2-87A48EF6A686}"
EndProject
Global
	GlobalSection(SolutionConfigurationPlatforms) = preSolution
		Debug|Any CPU = Debug|Any CPU
		Release|Any CPU = Release|Any CPU
	EndGlobalSection
	GlobalSection(SolutionProperties) = preSolution
		HideSolutionNode = FALSE
	EndGlobalSection
	GlobalSection(ProjectConfigurationPlatforms) = postSolution
		{135DAF59-9198-4075-A2E6-D3101D70215D}.Debug|Any CPU.ActiveCfg = Debug|Any CPU
		{135DAF59-9198-4075-A2E6-D3101D70215D}.Debug|Any CPU.Build.0 = Debug|Any CPU
		{135DAF59-9198-4075-A2E6-D3101D70215D}.Release|Any CPU.ActiveCfg = Release|Any CPU
		{135DAF59-9198-4075-A2E6-D3101D70215D}.Release|Any CPU.Build.0 = Release|Any CPU
		{083166B2-314D-4DBB-A21E-16713660C210}.Debug|Any CPU.ActiveCfg = Debug|Any CPU
		{083166B2-314D-4DBB-A21E-16713660C210}.Debug|Any CPU.Build.0 = Debug|Any CPU
		{083166B2-314D-4DBB-A21E-16713660C210}.Release|Any CPU.ActiveCfg = Release|Any CPU
		{083166B2-314D-4DBB-A21E-16713660C210}.Release|Any CPU.Build.0 = Release|Any CPU
		{296C4A64-184D-4BFC-9F7C-435B24EB613E}.Debug|Any CPU.ActiveCfg = Debug|Any CPU
		{296C4A64-184D-4BFC-9F7C-435B24EB613E}.Debug|Any CPU.Build.0 = Debug|Any CPU
		{296C4A64-184D-4BFC-9F7C-435B24EB613E}.Release|Any CPU.ActiveCfg = Release|Any CPU
		{296C4A64-184D-4BFC-9F7C-435B24EB613E}.Release|Any CPU.Build.0 = Release|Any CPU
		{9A83814F-C7ED-4731-861A-75210157507E}.Debug|Any CPU.ActiveCfg = Debug|Any CPU
		{9A83814F-C7ED-4731-861A-75210157507E}.Debug|Any CPU.Build.0 = Debug|Any CPU
		{9A83814F-C7ED-4731-861A-75210157507E}.Release|Any CPU.ActiveCfg = Release|Any CPU
		{9A83814F-C7ED-4731-861A-75210157507E}.Release|Any CPU.Build.0 = Release|Any CPU
		{1F61B1BE-DFC6-4C4B-80A2-87A48EF6A686}.Debug|Any CPU.ActiveCfg = Debug|Any CPU
		{1F61B1BE-DFC6-4C4B-80A2-87A48EF6A686}.Debug|Any CPU.Build.0 = Debug|Any CPU
		{1F61B1BE-DFC6-4C4B-80A2-87A48EF6A686}.Release|Any CPU.ActiveCfg = Release|Any CPU
		{1F61B1BE-DFC6-4C4B-80A2-87A48EF6A686}.Release|Any CPU.Build.0 = Release|Any CPU
	EndGlobalSection
	GlobalSection(NestedProjects) = preSolution
		{135DAF59-9198-4075-A2E6-D3101D70215D} = {3B8F8A40-647A-4AF4-BFC3-3F568A4337A5}
		{083166B2-314D-4DBB-A21E-16713660C210} = {3B8F8A40-647A-4AF4-BFC3-3F568A4337A5}
		{296C4A64-184D-4BFC-9F7C-435B24EB613E} = {3B8F8A40-647A-4AF4-BFC3-3F568A4337A5}
		{9A83814F-C7ED-4731-861A-75210157507E} = {3B8F8A40-647A-4AF4-BFC3-3F568A4337A5}
		{1F61B1BE-DFC6-4C4B-80A2-87A48EF6A686} = {4E6AB7BD-3452-4E20-9B20-C4E2E0B40867}
	EndGlobalSection
EndGlobal
